{
  "requires": true,
  "lockfileVersion": 1,
  "dependencies": {
    "bower-latest": {
      "version": "1.1.4",
      "resolved": "https://registry.npmjs.org/bower-latest/-/bower-latest-1.1.4.tgz",
      "integrity": "sha1-b+m8DIdyCuZeIKCujoptLxektxs=",
      "requires": {
        "lodash": "2.4.2"
      }
    },
    "lodash": {
      "version": "2.4.2",
      "resolved": "https://registry.npmjs.org/lodash/-/lodash-2.4.2.tgz",
      "integrity": "sha1-+t2DS5aDBz2hebPq5tnA0VBT9z4="
    }
  }
}
